// !$*UTF8*$!
{
	archiveVersion = 1;
	classes = {
	};
	objectVersion = 50;
	objects = {

/* Begin PBXBuildFile section */
		345EAAAE226472EA00ED4259 /* LunchCellPopup.storyboard in Resources */ = {isa = PBXBuildFile; fileRef = 345EAAAC226472EA00ED4259 /* LunchCellPopup.storyboard */; };
		345EAAB02264A64A00ED4259 /* LunchCellPopupViewController.swift in Sources */ = {isa = PBXBuildFile; fileRef = 345EAAAF2264A64A00ED4259 /* LunchCellPopupViewController.swift */; };
		34798EC42250CA14003A8510 /* FirebaseCore.framework in Frameworks */ = {isa = PBXBuildFile; fileRef = 34798EC32250CA14003A8510 /* FirebaseCore.framework */; };
		34798ECA2250CA62003A8510 /* FirebaseInstanceID.framework in Frameworks */ = {isa = PBXBuildFile; fileRef = 34798EC52250CA61003A8510 /* FirebaseInstanceID.framework */; };
		34798ECB2250CA62003A8510 /* GoogleAppMeasurement.framework in Frameworks */ = {isa = PBXBuildFile; fileRef = 34798EC62250CA61003A8510 /* GoogleAppMeasurement.framework */; };
		34798ECC2250CA62003A8510 /* GoogleUtilities.framework in Frameworks */ = {isa = PBXBuildFile; fileRef = 34798EC72250CA61003A8510 /* GoogleUtilities.framework */; };
		34798ECD2250CA62003A8510 /* nanopb.framework in Frameworks */ = {isa = PBXBuildFile; fileRef = 34798EC82250CA61003A8510 /* nanopb.framework */; };
		34798ECE2250CA62003A8510 /* FirebaseAnalytics.framework in Frameworks */ = {isa = PBXBuildFile; fileRef = 34798EC92250CA62003A8510 /* FirebaseAnalytics.framework */; };
		34798ED12250CA8A003A8510 /* FirebaseAuth.framework in Frameworks */ = {isa = PBXBuildFile; fileRef = 34798ECF2250CA89003A8510 /* FirebaseAuth.framework */; };
		34798ED22250CA8A003A8510 /* GTMSessionFetcher.framework in Frameworks */ = {isa = PBXBuildFile; fileRef = 34798ED02250CA8A003A8510 /* GTMSessionFetcher.framework */; };
		34798ED92250CAB7003A8510 /* Protobuf.framework in Frameworks */ = {isa = PBXBuildFile; fileRef = 34798ED32250CAB5003A8510 /* Protobuf.framework */; };
		34798EDA2250CAB7003A8510 /* gRPC-C++.framework in Frameworks */ = {isa = PBXBuildFile; fileRef = 34798ED42250CAB5003A8510 /* gRPC-C++.framework */; };
		34798EDB2250CAB7003A8510 /* FirebaseFirestore.framework in Frameworks */ = {isa = PBXBuildFile; fileRef = 34798ED52250CAB6003A8510 /* FirebaseFirestore.framework */; };
		34798EDC2250CAB7003A8510 /* BoringSSL-GRPC.framework in Frameworks */ = {isa = PBXBuildFile; fileRef = 34798ED62250CAB6003A8510 /* BoringSSL-GRPC.framework */; };
		34798EDD2250CAB7003A8510 /* gRPC-Core.framework in Frameworks */ = {isa = PBXBuildFile; fileRef = 34798ED72250CAB6003A8510 /* gRPC-Core.framework */; };
		34798EDE2250CAB7003A8510 /* leveldb-library.framework in Frameworks */ = {isa = PBXBuildFile; fileRef = 34798ED82250CAB7003A8510 /* leveldb-library.framework */; };
		34798EE42250CE8C003A8510 /* FIRAnalyticsConnector.framework in Frameworks */ = {isa = PBXBuildFile; fileRef = 34798EE32250CE8C003A8510 /* FIRAnalyticsConnector.framework */; };
		34798EE62250CEA1003A8510 /* FirebaseCoreDiagnostics.framework in Frameworks */ = {isa = PBXBuildFile; fileRef = 34798EE52250CEA1003A8510 /* FirebaseCoreDiagnostics.framework */; };
		34798EEC2253A6ED003A8510 /* ViewController.swift in Sources */ = {isa = PBXBuildFile; fileRef = 34798EEB2253A6ED003A8510 /* ViewController.swift */; };
		34798EF02253ACCE003A8510 /* LunchViewController.swift in Sources */ = {isa = PBXBuildFile; fileRef = 34798EEF2253ACCE003A8510 /* LunchViewController.swift */; };
		34FDCE672256721500D79FDC /* LunchViewCollectionCell.swift in Sources */ = {isa = PBXBuildFile; fileRef = 34FDCE662256721500D79FDC /* LunchViewCollectionCell.swift */; };
		7328DC8D224FA6BF000D31EF /* profileViewController.swift in Sources */ = {isa = PBXBuildFile; fileRef = 7328DC8C224FA6BF000D31EF /* profileViewController.swift */; };
		73837F04224E6CF400D19082 /* .gitignore in Resources */ = {isa = PBXBuildFile; fileRef = 73837F03224E6CF400D19082 /* .gitignore */; };
		738590F922509E240013E0F0 /* gRPC-C++.framework in Frameworks */ = {isa = PBXBuildFile; fileRef = 738590F222509E220013E0F0 /* gRPC-C++.framework */; };
		738590FB22509E240013E0F0 /* BoringSSL-GRPC.framework in Frameworks */ = {isa = PBXBuildFile; fileRef = 738590F422509E220013E0F0 /* BoringSSL-GRPC.framework */; };
		738590FC22509E240013E0F0 /* Protobuf.framework in Frameworks */ = {isa = PBXBuildFile; fileRef = 738590F522509E230013E0F0 /* Protobuf.framework */; };
		738590FD22509E240013E0F0 /* FirebaseFirestore.framework in Frameworks */ = {isa = PBXBuildFile; fileRef = 738590F622509E230013E0F0 /* FirebaseFirestore.framework */; };
		738590FE22509E240013E0F0 /* gRPC-Core.framework in Frameworks */ = {isa = PBXBuildFile; fileRef = 738590F722509E230013E0F0 /* gRPC-Core.framework */; };
		738590FF22509E240013E0F0 /* leveldb-library.framework in Frameworks */ = {isa = PBXBuildFile; fileRef = 738590F822509E240013E0F0 /* leveldb-library.framework */; };
		738EE465224E2520006E03FD /* latestNewsViewController.swift in Sources */ = {isa = PBXBuildFile; fileRef = 738EE464224E2520006E03FD /* latestNewsViewController.swift */; };
		738EE467224E30C8006E03FD /* GoogleService-Info.plist in Resources */ = {isa = PBXBuildFile; fileRef = 738EE466224E30C8006E03FD /* GoogleService-Info.plist */; };
		738EE480224E5C41006E03FD /* nanopb.framework in Frameworks */ = {isa = PBXBuildFile; fileRef = 738EE478224E5C3F006E03FD /* nanopb.framework */; };
		738EE481224E5C41006E03FD /* FirebaseCore.framework in Frameworks */ = {isa = PBXBuildFile; fileRef = 738EE479224E5C3F006E03FD /* FirebaseCore.framework */; };
		738EE482224E5C41006E03FD /* FIRAnalyticsConnector.framework in Frameworks */ = {isa = PBXBuildFile; fileRef = 738EE47A224E5C3F006E03FD /* FIRAnalyticsConnector.framework */; };
		738EE483224E5C41006E03FD /* GoogleAppMeasurement.framework in Frameworks */ = {isa = PBXBuildFile; fileRef = 738EE47B224E5C40006E03FD /* GoogleAppMeasurement.framework */; };
		738EE484224E5C41006E03FD /* FirebaseAnalytics.framework in Frameworks */ = {isa = PBXBuildFile; fileRef = 738EE47C224E5C40006E03FD /* FirebaseAnalytics.framework */; };
		738EE485224E5C41006E03FD /* FirebaseInstanceID.framework in Frameworks */ = {isa = PBXBuildFile; fileRef = 738EE47D224E5C41006E03FD /* FirebaseInstanceID.framework */; };
		738EE486224E5C41006E03FD /* GoogleUtilities.framework in Frameworks */ = {isa = PBXBuildFile; fileRef = 738EE47E224E5C41006E03FD /* GoogleUtilities.framework */; };
		738EE487224E5C41006E03FD /* FirebaseCoreDiagnostics.framework in Frameworks */ = {isa = PBXBuildFile; fileRef = 738EE47F224E5C41006E03FD /* FirebaseCoreDiagnostics.framework */; };
		738EE48A224E5C8A006E03FD /* FirebaseAuth.framework in Frameworks */ = {isa = PBXBuildFile; fileRef = 738EE488224E5C8A006E03FD /* FirebaseAuth.framework */; };
		738EE48B224E5C8A006E03FD /* GTMSessionFetcher.framework in Frameworks */ = {isa = PBXBuildFile; fileRef = 738EE489224E5C8A006E03FD /* GTMSessionFetcher.framework */; };
		73D12542225120ED00D8D732 /* gRPCCertificates.bundle in Resources */ = {isa = PBXBuildFile; fileRef = 73D12541225120ED00D8D732 /* gRPCCertificates.bundle */; };
		73D59A2D224D1871002CCBCC /* AppDelegate.swift in Sources */ = {isa = PBXBuildFile; fileRef = 73D59A2C224D1871002CCBCC /* AppDelegate.swift */; };
		73D59A32224D1871002CCBCC /* Main.storyboard in Resources */ = {isa = PBXBuildFile; fileRef = 73D59A30224D1871002CCBCC /* Main.storyboard */; };
		73D59A34224D1872002CCBCC /* Assets.xcassets in Resources */ = {isa = PBXBuildFile; fileRef = 73D59A33224D1872002CCBCC /* Assets.xcassets */; };
		73D59A37224D1872002CCBCC /* LaunchScreen.storyboard in Resources */ = {isa = PBXBuildFile; fileRef = 73D59A35224D1872002CCBCC /* LaunchScreen.storyboard */; };
		73D59A41224D3C5C002CCBCC /* tabBarViewController.swift in Sources */ = {isa = PBXBuildFile; fileRef = 73D59A40224D3C5C002CCBCC /* tabBarViewController.swift */; };
/* End PBXBuildFile section */

/* Begin PBXFileReference section */
		345EAAAD226472EA00ED4259 /* Base */ = {isa = PBXFileReference; lastKnownFileType = file.storyboard; name = Base; path = "Lunch Mama/Base.lproj/LunchCellPopup.storyboard"; sourceTree = "<group>"; };
		345EAAAF2264A64A00ED4259 /* LunchCellPopupViewController.swift */ = {isa = PBXFileReference; lastKnownFileType = sourcecode.swift; path = LunchCellPopupViewController.swift; sourceTree = "<group>"; };
		34798EC32250CA14003A8510 /* FirebaseCore.framework */ = {isa = PBXFileReference; lastKnownFileType = wrapper.framework; path = FirebaseCore.framework; sourceTree = "<group>"; };
		34798EC52250CA61003A8510 /* FirebaseInstanceID.framework */ = {isa = PBXFileReference; lastKnownFileType = wrapper.framework; path = FirebaseInstanceID.framework; sourceTree = "<group>"; };
		34798EC62250CA61003A8510 /* GoogleAppMeasurement.framework */ = {isa = PBXFileReference; lastKnownFileType = wrapper.framework; path = GoogleAppMeasurement.framework; sourceTree = "<group>"; };
		34798EC72250CA61003A8510 /* GoogleUtilities.framework */ = {isa = PBXFileReference; lastKnownFileType = wrapper.framework; path = GoogleUtilities.framework; sourceTree = "<group>"; };
		34798EC82250CA61003A8510 /* nanopb.framework */ = {isa = PBXFileReference; lastKnownFileType = wrapper.framework; path = nanopb.framework; sourceTree = "<group>"; };
		34798EC92250CA62003A8510 /* FirebaseAnalytics.framework */ = {isa = PBXFileReference; lastKnownFileType = wrapper.framework; path = FirebaseAnalytics.framework; sourceTree = "<group>"; };
		34798ECF2250CA89003A8510 /* FirebaseAuth.framework */ = {isa = PBXFileReference; lastKnownFileType = wrapper.framework; path = FirebaseAuth.framework; sourceTree = "<group>"; };
		34798ED02250CA8A003A8510 /* GTMSessionFetcher.framework */ = {isa = PBXFileReference; lastKnownFileType = wrapper.framework; path = GTMSessionFetcher.framework; sourceTree = "<group>"; };
		34798ED32250CAB5003A8510 /* Protobuf.framework */ = {isa = PBXFileReference; lastKnownFileType = wrapper.framework; path = Protobuf.framework; sourceTree = "<group>"; };
		34798ED42250CAB5003A8510 /* gRPC-C++.framework */ = {isa = PBXFileReference; lastKnownFileType = wrapper.framework; path = "gRPC-C++.framework"; sourceTree = "<group>"; };
		34798ED52250CAB6003A8510 /* FirebaseFirestore.framework */ = {isa = PBXFileReference; lastKnownFileType = wrapper.framework; path = FirebaseFirestore.framework; sourceTree = "<group>"; };
		34798ED62250CAB6003A8510 /* BoringSSL-GRPC.framework */ = {isa = PBXFileReference; lastKnownFileType = wrapper.framework; path = "BoringSSL-GRPC.framework"; sourceTree = "<group>"; };
		34798ED72250CAB6003A8510 /* gRPC-Core.framework */ = {isa = PBXFileReference; lastKnownFileType = wrapper.framework; path = "gRPC-Core.framework"; sourceTree = "<group>"; };
		34798ED82250CAB7003A8510 /* leveldb-library.framework */ = {isa = PBXFileReference; lastKnownFileType = wrapper.framework; path = "leveldb-library.framework"; sourceTree = "<group>"; };
		34798EE32250CE8C003A8510 /* FIRAnalyticsConnector.framework */ = {isa = PBXFileReference; lastKnownFileType = wrapper.framework; path = FIRAnalyticsConnector.framework; sourceTree = "<group>"; };
		34798EE52250CEA1003A8510 /* FirebaseCoreDiagnostics.framework */ = {isa = PBXFileReference; lastKnownFileType = wrapper.framework; path = FirebaseCoreDiagnostics.framework; sourceTree = "<group>"; };
		34798EE922531A45003A8510 /* Firebase.h */ = {isa = PBXFileReference; lastKnownFileType = sourcecode.c.h; path = Firebase.h; sourceTree = "<group>"; };
		34798EEA22531A56003A8510 /* module.modulemap */ = {isa = PBXFileReference; lastKnownFileType = "sourcecode.module-map"; path = module.modulemap; sourceTree = "<group>"; };
		34798EEB2253A6ED003A8510 /* ViewController.swift */ = {isa = PBXFileReference; lastKnownFileType = sourcecode.swift; path = ViewController.swift; sourceTree = "<group>"; };
		34798EEF2253ACCE003A8510 /* LunchViewController.swift */ = {isa = PBXFileReference; lastKnownFileType = sourcecode.swift; path = LunchViewController.swift; sourceTree = "<group>"; };
		34FDCE662256721500D79FDC /* LunchViewCollectionCell.swift */ = {isa = PBXFileReference; lastKnownFileType = sourcecode.swift; path = LunchViewCollectionCell.swift; sourceTree = "<group>"; };
		7328DC8C224FA6BF000D31EF /* profileViewController.swift */ = {isa = PBXFileReference; lastKnownFileType = sourcecode.swift; path = profileViewController.swift; sourceTree = "<group>"; };
		73837F03224E6CF400D19082 /* .gitignore */ = {isa = PBXFileReference; lastKnownFileType = text; path = .gitignore; sourceTree = "<group>"; };
		738590F222509E220013E0F0 /* gRPC-C++.framework */ = {isa = PBXFileReference; lastKnownFileType = wrapper.framework; path = "gRPC-C++.framework"; sourceTree = "<group>"; };
		738590F422509E220013E0F0 /* BoringSSL-GRPC.framework */ = {isa = PBXFileReference; lastKnownFileType = wrapper.framework; path = "BoringSSL-GRPC.framework"; sourceTree = "<group>"; };
		738590F522509E230013E0F0 /* Protobuf.framework */ = {isa = PBXFileReference; lastKnownFileType = wrapper.framework; path = Protobuf.framework; sourceTree = "<group>"; };
		738590F622509E230013E0F0 /* FirebaseFirestore.framework */ = {isa = PBXFileReference; lastKnownFileType = wrapper.framework; path = FirebaseFirestore.framework; sourceTree = "<group>"; };
		738590F722509E230013E0F0 /* gRPC-Core.framework */ = {isa = PBXFileReference; lastKnownFileType = wrapper.framework; path = "gRPC-Core.framework"; sourceTree = "<group>"; };
		738590F822509E240013E0F0 /* leveldb-library.framework */ = {isa = PBXFileReference; lastKnownFileType = wrapper.framework; path = "leveldb-library.framework"; sourceTree = "<group>"; };
		738EE464224E2520006E03FD /* latestNewsViewController.swift */ = {isa = PBXFileReference; lastKnownFileType = sourcecode.swift; path = latestNewsViewController.swift; sourceTree = "<group>"; };
		738EE466224E30C8006E03FD /* GoogleService-Info.plist */ = {isa = PBXFileReference; fileEncoding = 4; lastKnownFileType = text.plist.xml; path = "GoogleService-Info.plist"; sourceTree = "<group>"; };
		738EE478224E5C3F006E03FD /* nanopb.framework */ = {isa = PBXFileReference; lastKnownFileType = wrapper.framework; path = nanopb.framework; sourceTree = "<group>"; };
		738EE479224E5C3F006E03FD /* FirebaseCore.framework */ = {isa = PBXFileReference; lastKnownFileType = wrapper.framework; path = FirebaseCore.framework; sourceTree = "<group>"; };
		738EE47A224E5C3F006E03FD /* FIRAnalyticsConnector.framework */ = {isa = PBXFileReference; lastKnownFileType = wrapper.framework; path = FIRAnalyticsConnector.framework; sourceTree = "<group>"; };
		738EE47B224E5C40006E03FD /* GoogleAppMeasurement.framework */ = {isa = PBXFileReference; lastKnownFileType = wrapper.framework; path = GoogleAppMeasurement.framework; sourceTree = "<group>"; };
		738EE47C224E5C40006E03FD /* FirebaseAnalytics.framework */ = {isa = PBXFileReference; lastKnownFileType = wrapper.framework; path = FirebaseAnalytics.framework; sourceTree = "<group>"; };
		738EE47D224E5C41006E03FD /* FirebaseInstanceID.framework */ = {isa = PBXFileReference; lastKnownFileType = wrapper.framework; path = FirebaseInstanceID.framework; sourceTree = "<group>"; };
		738EE47E224E5C41006E03FD /* GoogleUtilities.framework */ = {isa = PBXFileReference; lastKnownFileType = wrapper.framework; path = GoogleUtilities.framework; sourceTree = "<group>"; };
		738EE47F224E5C41006E03FD /* FirebaseCoreDiagnostics.framework */ = {isa = PBXFileReference; lastKnownFileType = wrapper.framework; path = FirebaseCoreDiagnostics.framework; sourceTree = "<group>"; };
		738EE488224E5C8A006E03FD /* FirebaseAuth.framework */ = {isa = PBXFileReference; lastKnownFileType = wrapper.framework; path = FirebaseAuth.framework; sourceTree = "<group>"; };
		738EE489224E5C8A006E03FD /* GTMSessionFetcher.framework */ = {isa = PBXFileReference; lastKnownFileType = wrapper.framework; path = GTMSessionFetcher.framework; sourceTree = "<group>"; };
		73D12541225120ED00D8D732 /* gRPCCertificates.bundle */ = {isa = PBXFileReference; lastKnownFileType = "wrapper.plug-in"; path = gRPCCertificates.bundle; sourceTree = "<group>"; };
		73D59A29224D1871002CCBCC /* Lunch Mama.app */ = {isa = PBXFileReference; explicitFileType = wrapper.application; includeInIndex = 0; path = "Lunch Mama.app"; sourceTree = BUILT_PRODUCTS_DIR; };
		73D59A2C224D1871002CCBCC /* AppDelegate.swift */ = {isa = PBXFileReference; lastKnownFileType = sourcecode.swift; path = AppDelegate.swift; sourceTree = "<group>"; };
		73D59A31224D1871002CCBCC /* Base */ = {isa = PBXFileReference; lastKnownFileType = file.storyboard; name = Base; path = Base.lproj/Main.storyboard; sourceTree = "<group>"; };
		73D59A33224D1872002CCBCC /* Assets.xcassets */ = {isa = PBXFileReference; lastKnownFileType = folder.assetcatalog; path = Assets.xcassets; sourceTree = "<group>"; };
		73D59A36224D1872002CCBCC /* Base */ = {isa = PBXFileReference; lastKnownFileType = file.storyboard; name = Base; path = Base.lproj/LaunchScreen.storyboard; sourceTree = "<group>"; };
		73D59A38224D1872002CCBCC /* Info.plist */ = {isa = PBXFileReference; lastKnownFileType = text.plist.xml; path = Info.plist; sourceTree = "<group>"; };
		73D59A40224D3C5C002CCBCC /* tabBarViewController.swift */ = {isa = PBXFileReference; lastKnownFileType = sourcecode.swift; path = tabBarViewController.swift; sourceTree = "<group>"; };
/* End PBXFileReference section */

/* Begin PBXFrameworksBuildPhase section */
		73D59A26224D1871002CCBCC /* Frameworks */ = {
			isa = PBXFrameworksBuildPhase;
			buildActionMask = 2147483647;
			files = (
				738EE48A224E5C8A006E03FD /* FirebaseAuth.framework in Frameworks */,
				738590F922509E240013E0F0 /* gRPC-C++.framework in Frameworks */,
				738EE481224E5C41006E03FD /* FirebaseCore.framework in Frameworks */,
				738EE485224E5C41006E03FD /* FirebaseInstanceID.framework in Frameworks */,
				34798EDC2250CAB7003A8510 /* BoringSSL-GRPC.framework in Frameworks */,
				34798ED22250CA8A003A8510 /* GTMSessionFetcher.framework in Frameworks */,
				738590FB22509E240013E0F0 /* BoringSSL-GRPC.framework in Frameworks */,
				738590FF22509E240013E0F0 /* leveldb-library.framework in Frameworks */,
				34798EE42250CE8C003A8510 /* FIRAnalyticsConnector.framework in Frameworks */,
				738EE482224E5C41006E03FD /* FIRAnalyticsConnector.framework in Frameworks */,
				738EE48B224E5C8A006E03FD /* GTMSessionFetcher.framework in Frameworks */,
				34798ECE2250CA62003A8510 /* FirebaseAnalytics.framework in Frameworks */,
				738EE483224E5C41006E03FD /* GoogleAppMeasurement.framework in Frameworks */,
				738EE480224E5C41006E03FD /* nanopb.framework in Frameworks */,
				34798ECD2250CA62003A8510 /* nanopb.framework in Frameworks */,
				34798EC42250CA14003A8510 /* FirebaseCore.framework in Frameworks */,
				34798EDB2250CAB7003A8510 /* FirebaseFirestore.framework in Frameworks */,
				34798EDD2250CAB7003A8510 /* gRPC-Core.framework in Frameworks */,
				34798ED12250CA8A003A8510 /* FirebaseAuth.framework in Frameworks */,
				738590FD22509E240013E0F0 /* FirebaseFirestore.framework in Frameworks */,
				34798EDA2250CAB7003A8510 /* gRPC-C++.framework in Frameworks */,
				34798ECB2250CA62003A8510 /* GoogleAppMeasurement.framework in Frameworks */,
				738EE487224E5C41006E03FD /* FirebaseCoreDiagnostics.framework in Frameworks */,
				34798ECA2250CA62003A8510 /* FirebaseInstanceID.framework in Frameworks */,
				738590FE22509E240013E0F0 /* gRPC-Core.framework in Frameworks */,
				738590FC22509E240013E0F0 /* Protobuf.framework in Frameworks */,
				738EE484224E5C41006E03FD /* FirebaseAnalytics.framework in Frameworks */,
				34798ED92250CAB7003A8510 /* Protobuf.framework in Frameworks */,
				34798ECC2250CA62003A8510 /* GoogleUtilities.framework in Frameworks */,
				34798EE62250CEA1003A8510 /* FirebaseCoreDiagnostics.framework in Frameworks */,
				738EE486224E5C41006E03FD /* GoogleUtilities.framework in Frameworks */,
				34798EDE2250CAB7003A8510 /* leveldb-library.framework in Frameworks */,
			);
			runOnlyForDeploymentPostprocessing = 0;
		};
/* End PBXFrameworksBuildPhase section */

/* Begin PBXGroup section */
		73837F05224E6E5500D19082 /* Frameworks */ = {
			isa = PBXGroup;
			children = (
				34798EE922531A45003A8510 /* Firebase.h */,
				34798EEA22531A56003A8510 /* module.modulemap */,
				73D12541225120ED00D8D732 /* gRPCCertificates.bundle */,
				738590F422509E220013E0F0 /* BoringSSL-GRPC.framework */,
				34798ED62250CAB6003A8510 /* BoringSSL-GRPC.framework */,
				738590F622509E230013E0F0 /* FirebaseFirestore.framework */,
				34798ED52250CAB6003A8510 /* FirebaseFirestore.framework */,
				738590F222509E220013E0F0 /* gRPC-C++.framework */,
				738590F722509E230013E0F0 /* gRPC-Core.framework */,
				34798EE32250CE8C003A8510 /* FIRAnalyticsConnector.framework */,
				34798EC92250CA62003A8510 /* FirebaseAnalytics.framework */,
				34798EC52250CA61003A8510 /* FirebaseInstanceID.framework */,
				34798EC62250CA61003A8510 /* GoogleAppMeasurement.framework */,
				34798EC72250CA61003A8510 /* GoogleUtilities.framework */,
				34798EC82250CA61003A8510 /* nanopb.framework */,
				738590F822509E240013E0F0 /* leveldb-library.framework */,
				34798ECF2250CA89003A8510 /* FirebaseAuth.framework */,
				34798ED02250CA8A003A8510 /* GTMSessionFetcher.framework */,
				34798EC32250CA14003A8510 /* FirebaseCore.framework */,
				34798ED42250CAB5003A8510 /* gRPC-C++.framework */,
				34798ED72250CAB6003A8510 /* gRPC-Core.framework */,
				34798ED82250CAB7003A8510 /* leveldb-library.framework */,
				738590F522509E230013E0F0 /* Protobuf.framework */,
				34798EE52250CEA1003A8510 /* FirebaseCoreDiagnostics.framework */,
				738EE47A224E5C3F006E03FD /* FIRAnalyticsConnector.framework */,
				738EE47C224E5C40006E03FD /* FirebaseAnalytics.framework */,
				738EE479224E5C3F006E03FD /* FirebaseCore.framework */,
				34798ED32250CAB5003A8510 /* Protobuf.framework */,
				738EE47F224E5C41006E03FD /* FirebaseCoreDiagnostics.framework */,
				738EE47D224E5C41006E03FD /* FirebaseInstanceID.framework */,
				738EE47B224E5C40006E03FD /* GoogleAppMeasurement.framework */,
				738EE47E224E5C41006E03FD /* GoogleUtilities.framework */,
				738EE478224E5C3F006E03FD /* nanopb.framework */,
				738EE488224E5C8A006E03FD /* FirebaseAuth.framework */,
				738EE489224E5C8A006E03FD /* GTMSessionFetcher.framework */,
			);
			path = Frameworks;
			sourceTree = "<group>";
		};
		73D59A20224D1871002CCBCC = {
			isa = PBXGroup;
			children = (
				73837F03224E6CF400D19082 /* .gitignore */,
				73D59A2B224D1871002CCBCC /* Lunch Mama */,
				73D59A2A224D1871002CCBCC /* Products */,
				73837F05224E6E5500D19082 /* Frameworks */,
			);
			sourceTree = "<group>";
		};
		73D59A2A224D1871002CCBCC /* Products */ = {
			isa = PBXGroup;
			children = (
				73D59A29224D1871002CCBCC /* Lunch Mama.app */,
			);
			name = Products;
			sourceTree = "<group>";
		};
		73D59A2B224D1871002CCBCC /* Lunch Mama */ = {
			isa = PBXGroup;
			children = (
				73D59A2C224D1871002CCBCC /* AppDelegate.swift */,
				73D59A30224D1871002CCBCC /* Main.storyboard */,
				345EAAAF2264A64A00ED4259 /* LunchCellPopupViewController.swift */,
				34798EEF2253ACCE003A8510 /* LunchViewController.swift */,
				34FDCE662256721500D79FDC /* LunchViewCollectionCell.swift */,
				345EAAAC226472EA00ED4259 /* LunchCellPopup.storyboard */,
				34798EEB2253A6ED003A8510 /* ViewController.swift */,
				73D59A33224D1872002CCBCC /* Assets.xcassets */,
				73D59A35224D1872002CCBCC /* LaunchScreen.storyboard */,
				73D59A38224D1872002CCBCC /* Info.plist */,
				738EE466224E30C8006E03FD /* GoogleService-Info.plist */,
				73D59A40224D3C5C002CCBCC /* tabBarViewController.swift */,
				738EE464224E2520006E03FD /* latestNewsViewController.swift */,
				7328DC8C224FA6BF000D31EF /* profileViewController.swift */,
			);
			path = "Lunch Mama";
			sourceTree = "<group>";
		};
/* End PBXGroup section */

/* Begin PBXNativeTarget section */
		73D59A28224D1871002CCBCC /* Lunch Mama */ = {
			isa = PBXNativeTarget;
			buildConfigurationList = 73D59A3B224D1872002CCBCC /* Build configuration list for PBXNativeTarget "Lunch Mama" */;
			buildPhases = (
				73D59A25224D1871002CCBCC /* Sources */,
				73D59A26224D1871002CCBCC /* Frameworks */,
				73D59A27224D1871002CCBCC /* Resources */,
			);
			buildRules = (
			);
			dependencies = (
			);
			name = "Lunch Mama";
			productName = "Lunch Mama";
			productReference = 73D59A29224D1871002CCBCC /* Lunch Mama.app */;
			productType = "com.apple.product-type.application";
		};
/* End PBXNativeTarget section */

/* Begin PBXProject section */
		73D59A21224D1871002CCBCC /* Project object */ = {
			isa = PBXProject;
			attributes = {
				LastSwiftUpdateCheck = 0930;
				LastUpgradeCheck = 0930;
				ORGANIZATIONNAME = binaryyard;
				TargetAttributes = {
					73D59A28224D1871002CCBCC = {
						CreatedOnToolsVersion = 9.3;
					};
				};
			};
			buildConfigurationList = 73D59A24224D1871002CCBCC /* Build configuration list for PBXProject "Lunch Mama" */;
			compatibilityVersion = "Xcode 9.3";
			developmentRegion = en;
			hasScannedForEncodings = 0;
			knownRegions = (
				en,
				Base,
			);
			mainGroup = 73D59A20224D1871002CCBCC;
			productRefGroup = 73D59A2A224D1871002CCBCC /* Products */;
			projectDirPath = "";
			projectRoot = "";
			targets = (
				73D59A28224D1871002CCBCC /* Lunch Mama */,
			);
		};
/* End PBXProject section */

/* Begin PBXResourcesBuildPhase section */
		73D59A27224D1871002CCBCC /* Resources */ = {
			isa = PBXResourcesBuildPhase;
			buildActionMask = 2147483647;
			files = (
				73837F04224E6CF400D19082 /* .gitignore in Resources */,
				73D12542225120ED00D8D732 /* gRPCCertificates.bundle in Resources */,
				73D59A37224D1872002CCBCC /* LaunchScreen.storyboard in Resources */,
				738EE467224E30C8006E03FD /* GoogleService-Info.plist in Resources */,
				345EAAAE226472EA00ED4259 /* LunchCellPopup.storyboard in Resources */,
				73D59A34224D1872002CCBCC /* Assets.xcassets in Resources */,
				73D59A32224D1871002CCBCC /* Main.storyboard in Resources */,
			);
			runOnlyForDeploymentPostprocessing = 0;
		};
/* End PBXResourcesBuildPhase section */

/* Begin PBXSourcesBuildPhase section */
		73D59A25224D1871002CCBCC /* Sources */ = {
			isa = PBXSourcesBuildPhase;
			buildActionMask = 2147483647;
			files = (
				34798EEC2253A6ED003A8510 /* ViewController.swift in Sources */,
				73D59A41224D3C5C002CCBCC /* tabBarViewController.swift in Sources */,
				345EAAB02264A64A00ED4259 /* LunchCellPopupViewController.swift in Sources */,
				738EE465224E2520006E03FD /* latestNewsViewController.swift in Sources */,
				34FDCE672256721500D79FDC /* LunchViewCollectionCell.swift in Sources */,
				34798EF02253ACCE003A8510 /* LunchViewController.swift in Sources */,
				7328DC8D224FA6BF000D31EF /* profileViewController.swift in Sources */,
				73D59A2D224D1871002CCBCC /* AppDelegate.swift in Sources */,
			);
			runOnlyForDeploymentPostprocessing = 0;
		};
/* End PBXSourcesBuildPhase section */

/* Begin PBXVariantGroup section */
		345EAAAC226472EA00ED4259 /* LunchCellPopup.storyboard */ = {
			isa = PBXVariantGroup;
			children = (
				345EAAAD226472EA00ED4259 /* Base */,
			);
			name = LunchCellPopup.storyboard;
			sourceTree = "<group>";
		};
		73D59A30224D1871002CCBCC /* Main.storyboard */ = {
			isa = PBXVariantGroup;
			children = (
				73D59A31224D1871002CCBCC /* Base */,
			);
			name = Main.storyboard;
			sourceTree = "<group>";
		};
		73D59A35224D1872002CCBCC /* LaunchScreen.storyboard */ = {
			isa = PBXVariantGroup;
			children = (
				73D59A36224D1872002CCBCC /* Base */,
			);
			name = LaunchScreen.storyboard;
			sourceTree = "<group>";
		};
/* End PBXVariantGroup section */

/* Begin XCBuildConfiguration section */
		73D59A39224D1872002CCBCC /* Debug */ = {
			isa = XCBuildConfiguration;
			buildSettings = {
				ALWAYS_SEARCH_USER_PATHS = NO;
				CLANG_ANALYZER_NONNULL = YES;
				CLANG_ANALYZER_NUMBER_OBJECT_CONVERSION = YES_AGGRESSIVE;
				CLANG_CXX_LANGUAGE_STANDARD = "gnu++14";
				CLANG_CXX_LIBRARY = "libc++";
				CLANG_ENABLE_MODULES = YES;
				CLANG_ENABLE_OBJC_ARC = YES;
				CLANG_ENABLE_OBJC_WEAK = YES;
				CLANG_WARN_BLOCK_CAPTURE_AUTORELEASING = YES;
				CLANG_WARN_BOOL_CONVERSION = YES;
				CLANG_WARN_COMMA = YES;
				CLANG_WARN_CONSTANT_CONVERSION = YES;
				CLANG_WARN_DEPRECATED_OBJC_IMPLEMENTATIONS = YES;
				CLANG_WARN_DIRECT_OBJC_ISA_USAGE = YES_ERROR;
				CLANG_WARN_DOCUMENTATION_COMMENTS = YES;
				CLANG_WARN_EMPTY_BODY = YES;
				CLANG_WARN_ENUM_CONVERSION = YES;
				CLANG_WARN_INFINITE_RECURSION = YES;
				CLANG_WARN_INT_CONVERSION = YES;
				CLANG_WARN_NON_LITERAL_NULL_CONVERSION = YES;
				CLANG_WARN_OBJC_IMPLICIT_RETAIN_SELF = YES;
				CLANG_WARN_OBJC_LITERAL_CONVERSION = YES;
				CLANG_WARN_OBJC_ROOT_CLASS = YES_ERROR;
				CLANG_WARN_RANGE_LOOP_ANALYSIS = YES;
				CLANG_WARN_STRICT_PROTOTYPES = YES;
				CLANG_WARN_SUSPICIOUS_MOVE = YES;
				CLANG_WARN_UNGUARDED_AVAILABILITY = YES_AGGRESSIVE;
				CLANG_WARN_UNREACHABLE_CODE = YES;
				CLANG_WARN__DUPLICATE_METHOD_MATCH = YES;
				CODE_SIGN_IDENTITY = "iPhone Developer";
				COPY_PHASE_STRIP = NO;
				DEBUG_INFORMATION_FORMAT = dwarf;
				ENABLE_STRICT_OBJC_MSGSEND = YES;
				ENABLE_TESTABILITY = YES;
				GCC_C_LANGUAGE_STANDARD = gnu11;
				GCC_DYNAMIC_NO_PIC = NO;
				GCC_NO_COMMON_BLOCKS = YES;
				GCC_OPTIMIZATION_LEVEL = 0;
				GCC_PREPROCESSOR_DEFINITIONS = (
					"DEBUG=1",
					"$(inherited)",
				);
				GCC_WARN_64_TO_32_BIT_CONVERSION = YES;
				GCC_WARN_ABOUT_RETURN_TYPE = YES_ERROR;
				GCC_WARN_UNDECLARED_SELECTOR = YES;
				GCC_WARN_UNINITIALIZED_AUTOS = YES_AGGRESSIVE;
				GCC_WARN_UNUSED_FUNCTION = YES;
				GCC_WARN_UNUSED_VARIABLE = YES;
				IPHONEOS_DEPLOYMENT_TARGET = 11.3;
				MTL_ENABLE_DEBUG_INFO = YES;
				ONLY_ACTIVE_ARCH = YES;
				SDKROOT = iphoneos;
				SWIFT_ACTIVE_COMPILATION_CONDITIONS = DEBUG;
				SWIFT_OPTIMIZATION_LEVEL = "-Onone";
			};
			name = Debug;
		};
		73D59A3A224D1872002CCBCC /* Release */ = {
			isa = XCBuildConfiguration;
			buildSettings = {
				ALWAYS_SEARCH_USER_PATHS = NO;
				CLANG_ANALYZER_NONNULL = YES;
				CLANG_ANALYZER_NUMBER_OBJECT_CONVERSION = YES_AGGRESSIVE;
				CLANG_CXX_LANGUAGE_STANDARD = "gnu++14";
				CLANG_CXX_LIBRARY = "libc++";
				CLANG_ENABLE_MODULES = YES;
				CLANG_ENABLE_OBJC_ARC = YES;
				CLANG_ENABLE_OBJC_WEAK = YES;
				CLANG_WARN_BLOCK_CAPTURE_AUTORELEASING = YES;
				CLANG_WARN_BOOL_CONVERSION = YES;
				CLANG_WARN_COMMA = YES;
				CLANG_WARN_CONSTANT_CONVERSION = YES;
				CLANG_WARN_DEPRECATED_OBJC_IMPLEMENTATIONS = YES;
				CLANG_WARN_DIRECT_OBJC_ISA_USAGE = YES_ERROR;
				CLANG_WARN_DOCUMENTATION_COMMENTS = YES;
				CLANG_WARN_EMPTY_BODY = YES;
				CLANG_WARN_ENUM_CONVERSION = YES;
				CLANG_WARN_INFINITE_RECURSION = YES;
				CLANG_WARN_INT_CONVERSION = YES;
				CLANG_WARN_NON_LITERAL_NULL_CONVERSION = YES;
				CLANG_WARN_OBJC_IMPLICIT_RETAIN_SELF = YES;
				CLANG_WARN_OBJC_LITERAL_CONVERSION = YES;
				CLANG_WARN_OBJC_ROOT_CLASS = YES_ERROR;
				CLANG_WARN_RANGE_LOOP_ANALYSIS = YES;
				CLANG_WARN_STRICT_PROTOTYPES = YES;
				CLANG_WARN_SUSPICIOUS_MOVE = YES;
				CLANG_WARN_UNGUARDED_AVAILABILITY = YES_AGGRESSIVE;
				CLANG_WARN_UNREACHABLE_CODE = YES;
				CLANG_WARN__DUPLICATE_METHOD_MATCH = YES;
				CODE_SIGN_IDENTITY = "iPhone Developer";
				COPY_PHASE_STRIP = NO;
				DEBUG_INFORMATION_FORMAT = "dwarf-with-dsym";
				ENABLE_NS_ASSERTIONS = NO;
				ENABLE_STRICT_OBJC_MSGSEND = YES;
				GCC_C_LANGUAGE_STANDARD = gnu11;
				GCC_NO_COMMON_BLOCKS = YES;
				GCC_WARN_64_TO_32_BIT_CONVERSION = YES;
				GCC_WARN_ABOUT_RETURN_TYPE = YES_ERROR;
				GCC_WARN_UNDECLARED_SELECTOR = YES;
				GCC_WARN_UNINITIALIZED_AUTOS = YES_AGGRESSIVE;
				GCC_WARN_UNUSED_FUNCTION = YES;
				GCC_WARN_UNUSED_VARIABLE = YES;
				IPHONEOS_DEPLOYMENT_TARGET = 11.3;
				MTL_ENABLE_DEBUG_INFO = NO;
				SDKROOT = iphoneos;
				SWIFT_COMPILATION_MODE = wholemodule;
				SWIFT_OPTIMIZATION_LEVEL = "-O";
				VALIDATE_PRODUCT = YES;
			};
			name = Release;
		};
		73D59A3C224D1872002CCBCC /* Debug */ = {
			isa = XCBuildConfiguration;
			buildSettings = {
				ASSETCATALOG_COMPILER_APPICON_NAME = AppIcon;
				CODE_SIGN_IDENTITY = "iPhone Developer";
				CODE_SIGN_STYLE = Automatic;
				DEVELOPMENT_TEAM = "";
				FRAMEWORK_SEARCH_PATHS = (
					"$(inherited)",
					"$(PROJECT_DIR)/Frameworks",
				);
				INFOPLIST_FILE = "Lunch Mama/Info.plist";
				LD_RUNPATH_SEARCH_PATHS = (
					"$(inherited)",
					"@executable_path/Frameworks",
				);
				NEW_SETTING = "";
				"OTHER_LDFLAGS[arch=*]" = "-ObjC";
				PRODUCT_BUNDLE_IDENTIFIER = "com.binaryyard.Lunch-Mama";
				PRODUCT_NAME = "$(TARGET_NAME)";
				PROVISIONING_PROFILE_SPECIFIER = "";
				SWIFT_VERSION = 4.0;
				TARGETED_DEVICE_FAMILY = "1,2";
				"USER_HEADER_SEARCH_PATHS[arch=*]" = "$(SRCROOT)/Frameworks";
			};
			name = Debug;
		};
		73D59A3D224D1872002CCBCC /* Release */ = {
			isa = XCBuildConfiguration;
			buildSettings = {
				ASSETCATALOG_COMPILER_APPICON_NAME = AppIcon;
				CODE_SIGN_IDENTITY = "iPhone Developer";
				CODE_SIGN_STYLE = Automatic;
				DEVELOPMENT_TEAM = "";
				FRAMEWORK_SEARCH_PATHS = (
					"$(inherited)",
					"$(PROJECT_DIR)/Frameworks",
				);
				INFOPLIST_FILE = "Lunch Mama/Info.plist";
				LD_RUNPATH_SEARCH_PATHS = (
					"$(inherited)",
					"@executable_path/Frameworks",
				);
				NEW_SETTING = "";
				"OTHER_LDFLAGS[arch=*]" = "-ObjC";
				PRODUCT_BUNDLE_IDENTIFIER = "com.binaryyard.Lunch-Mama";
				PRODUCT_NAME = "$(TARGET_NAME)";
				PROVISIONING_PROFILE_SPECIFIER = "";
				SWIFT_VERSION = 4.0;
				TARGETED_DEVICE_FAMILY = "1,2";
				"USER_HEADER_SEARCH_PATHS[arch=*]" = "$(SRCROOT)/Frameworks";
			};
			name = Release;
		};
/* End XCBuildConfiguration section */

/* Begin XCConfigurationList section */
		73D59A24224D1871002CCBCC /* Build configuration list for PBXProject "Lunch Mama" */ = {
			isa = XCConfigurationList;
			buildConfigurations = (
				73D59A39224D1872002CCBCC /* Debug */,
				73D59A3A224D1872002CCBCC /* Release */,
			);
			defaultConfigurationIsVisible = 0;
			defaultConfigurationName = Release;
		};
		73D59A3B224D1872002CCBCC /* Build configuration list for PBXNativeTarget "Lunch Mama" */ = {
			isa = XCConfigurationList;
			buildConfigurations = (
				73D59A3C224D1872002CCBCC /* Debug */,
				73D59A3D224D1872002CCBCC /* Release */,
			);
			defaultConfigurationIsVisible = 0;
			defaultConfigurationName = Release;
		};
/* End XCConfigurationList section */
	};
	rootObject = 73D59A21224D1871002CCBCC /* Project object */;
}
